
Microsoft Visual Studio Solution File, Format Version 12.00
# Visual Studio 2013
VisualStudioVersion = 12.0.30110.0
MinimumVisualStudioVersion = 10.0.40219.1
Project("{2150E333-8FDC-42A3-9474-1A3956D46DE8}") = "libs", "libs", "{E8F0502C-6FA5-4A43-B265-301EF0F56300}"
EndProject
Project("{2150E333-8FDC-42A3-9474-1A3956D46DE8}") = "tools", "tools", "{D3C70672-8B1C-4FEF-AF1E-DAECF21A9973}"
EndProject
Project("{FAE04EC0-301F-11D3-BF4B-00C04F79EFBC}") = "Fleck", "libs\Fleck\Fleck.csproj", "{8B12D929-AFA9-4307-BEFF-2ED0F1070FEE}"
EndProject
Project("{FAE04EC0-301F-11D3-BF4B-00C04F79EFBC}") = "Pressure", "tools\Pressure\Pressure.csproj", "{6FFEB970-9A0D-42B9-8733-A4E33EF1AEE1}"
EndProject
Project("{2150E333-8FDC-42A3-9474-1A3956D46DE8}") = "app", "app", "{EF416C6A-670A-4025-870B-E763A7E1B8C9}"
EndProject
Project("{2150E333-8FDC-42A3-9474-1A3956D46DE8}") = "common", "common", "{46E2E758-6ED9-4AA2-8D2E-238F7868A5E9}"
EndProject
Project("{FAE04EC0-301F-11D3-BF4B-00C04F79EFBC}") = "Gate", "app\Gate\Gate.csproj", "{85A92DEA-2E40-47A2-85A8-168277163189}"
EndProject
Project("{FAE04EC0-301F-11D3-BF4B-00C04F79EFBC}") = "Server", "app\Server\Server.csproj", "{4AA1BCD3-7AC8-47BC-84D3-8FA43486BDF0}"
EndProject
Project("{FAE04EC0-301F-11D3-BF4B-00C04F79EFBC}") = "World", "app\World\World.csproj", "{19689218-EFC8-4624-B946-281842CB3E3F}"
EndProject
Project("{FAE04EC0-301F-11D3-BF4B-00C04F79EFBC}") = "Simulation", "tools\Simulation\Simulation.csproj", "{F01B6EC3-D0D3-4753-A3CC-D8AA7F35D72D}"
EndProject
Project("{FAE04EC0-301F-11D3-BF4B-00C04F79EFBC}") = "websocket-sharp", "libs\websocket-sharp\websocket-sharp.csproj", "{B357BAC7-529E-4D81-A0D2-71041B19C8DE}"
EndProject
Project("{FAE04EC0-301F-11D3-BF4B-00C04F79EFBC}") = "Core", "libs\Core\Core.csproj", "{6CC827C1-119D-4700-A410-327D59A6E139}"
EndProject
Project("{FAE04EC0-301F-11D3-BF4B-00C04F79EFBC}") = "Framework", "common\Framework\Framework.csproj", "{61EFAF41-2507-4653-8532-3003410414C7}"
EndProject
Project("{FAE04EC0-301F-11D3-BF4B-00C04F79EFBC}") = "Define", "common\Define\Define.csproj", "{326BC223-F9D1-4CC2-811D-E56201CDFC14}"
EndProject
Project("{FAE04EC0-301F-11D3-BF4B-00C04F79EFBC}") = "UIComponent", "libs\UIComponent\UIComponent.csproj", "{47C3AA37-6F0F-4002-A955-F9B4D0065C0F}"
EndProject
Project("{2150E333-8FDC-42A3-9474-1A3956D46DE8}") = "other", "other", "{C5F839E3-79CE-4801-9397-3F1A910D987B}"
EndProject
Project("{FAE04EC0-301F-11D3-BF4B-00C04F79EFBC}") = "Global", "app\other\Global\Global.csproj", "{3E1C5BDA-A2EF-4C37-A8E6-F3D9E13070D6}"
EndProject
Project("{FAE04EC0-301F-11D3-BF4B-00C04F79EFBC}") = "BinModify", "tools\BinModify\BinModify.csproj", "{1B8BB543-1804-4086-B55E-61B5018995E5}"
EndProject
Project("{FAE04EC0-301F-11D3-BF4B-00C04F79EFBC}") = "Fight", "app\Fight\Fight.csproj", "{61E46F48-23C5-41E5-AFAC-B3F79CDF2E21}"
EndProject
Global
	GlobalSection(SolutionConfigurationPlatforms) = preSolution
		Debug|Any CPU = Debug|Any CPU
		Release|Any CPU = Release|Any CPU
	EndGlobalSection
	GlobalSection(ProjectConfigurationPlatforms) = postSolution
		{8B12D929-AFA9-4307-BEFF-2ED0F1070FEE}.Debug|Any CPU.ActiveCfg = Debug|Any CPU
		{8B12D929-AFA9-4307-BEFF-2ED0F1070FEE}.Debug|Any CPU.Build.0 = Debug|Any CPU
		{8B12D929-AFA9-4307-BEFF-2ED0F1070FEE}.Release|Any CPU.ActiveCfg = Release|Any CPU
		{8B12D929-AFA9-4307-BEFF-2ED0F1070FEE}.Release|Any CPU.Build.0 = Release|Any CPU
		{6FFEB970-9A0D-42B9-8733-A4E33EF1AEE1}.Debug|Any CPU.ActiveCfg = Debug|Any CPU
		{6FFEB970-9A0D-42B9-8733-A4E33EF1AEE1}.Debug|Any CPU.Build.0 = Debug|Any CPU
		{6FFEB970-9A0D-42B9-8733-A4E33EF1AEE1}.Release|Any CPU.ActiveCfg = Release|Any CPU
		{6FFEB970-9A0D-42B9-8733-A4E33EF1AEE1}.Release|Any CPU.Build.0 = Release|Any CPU
		{85A92DEA-2E40-47A2-85A8-168277163189}.Debug|Any CPU.ActiveCfg = Debug|Any CPU
		{85A92DEA-2E40-47A2-85A8-168277163189}.Debug|Any CPU.Build.0 = Debug|Any CPU
		{85A92DEA-2E40-47A2-85A8-168277163189}.Release|Any CPU.ActiveCfg = Release|Any CPU
		{85A92DEA-2E40-47A2-85A8-168277163189}.Release|Any CPU.Build.0 = Release|Any CPU
		{4AA1BCD3-7AC8-47BC-84D3-8FA43486BDF0}.Debug|Any CPU.ActiveCfg = Debug|Any CPU
		{4AA1BCD3-7AC8-47BC-84D3-8FA43486BDF0}.Debug|Any CPU.Build.0 = Debug|Any CPU
		{4AA1BCD3-7AC8-47BC-84D3-8FA43486BDF0}.Release|Any CPU.ActiveCfg = Release|Any CPU
		{4AA1BCD3-7AC8-47BC-84D3-8FA43486BDF0}.Release|Any CPU.Build.0 = Release|Any CPU
		{19689218-EFC8-4624-B946-281842CB3E3F}.Debug|Any CPU.ActiveCfg = Debug|Any CPU
		{19689218-EFC8-4624-B946-281842CB3E3F}.Debug|Any CPU.Build.0 = Debug|Any CPU
		{19689218-EFC8-4624-B946-281842CB3E3F}.Release|Any CPU.ActiveCfg = Release|Any CPU
		{19689218-EFC8-4624-B946-281842CB3E3F}.Release|Any CPU.Build.0 = Release|Any CPU
		{F01B6EC3-D0D3-4753-A3CC-D8AA7F35D72D}.Debug|Any CPU.ActiveCfg = Debug|Any CPU
		{F01B6EC3-D0D3-4753-A3CC-D8AA7F35D72D}.Debug|Any CPU.Build.0 = Debug|Any CPU
		{F01B6EC3-D0D3-4753-A3CC-D8AA7F35D72D}.Release|Any CPU.ActiveCfg = Release|Any CPU
		{F01B6EC3-D0D3-4753-A3CC-D8AA7F35D72D}.Release|Any CPU.Build.0 = Release|Any CPU
		{B357BAC7-529E-4D81-A0D2-71041B19C8DE}.Debug|Any CPU.ActiveCfg = Debug|Any CPU
		{B357BAC7-529E-4D81-A0D2-71041B19C8DE}.Debug|Any CPU.Build.0 = Debug|Any CPU
		{B357BAC7-529E-4D81-A0D2-71041B19C8DE}.Release|Any CPU.ActiveCfg = Release|Any CPU
		{B357BAC7-529E-4D81-A0D2-71041B19C8DE}.Release|Any CPU.Build.0 = Release|Any CPU
		{6CC827C1-119D-4700-A410-327D59A6E139}.Debug|Any CPU.ActiveCfg = Debug|Any CPU
		{6CC827C1-119D-4700-A410-327D59A6E139}.Debug|Any CPU.Build.0 = Debug|Any CPU
		{6CC827C1-119D-4700-A410-327D59A6E139}.Release|Any CPU.ActiveCfg = Release|Any CPU
		{6CC827C1-119D-4700-A410-327D59A6E139}.Release|Any CPU.Build.0 = Release|Any CPU
		{61EFAF41-2507-4653-8532-3003410414C7}.Debug|Any CPU.ActiveCfg = Debug|Any CPU
		{61EFAF41-2507-4653-8532-3003410414C7}.Debug|Any CPU.Build.0 = Debug|Any CPU
		{61EFAF41-2507-4653-8532-3003410414C7}.Release|Any CPU.ActiveCfg = Release|Any CPU
		{61EFAF41-2507-4653-8532-3003410414C7}.Release|Any CPU.Build.0 = Release|Any CPU
		{326BC223-F9D1-4CC2-811D-E56201CDFC14}.Debug|Any CPU.ActiveCfg = Debug|Any CPU
		{326BC223-F9D1-4CC2-811D-E56201CDFC14}.Debug|Any CPU.Build.0 = Debug|Any CPU
		{326BC223-F9D1-4CC2-811D-E56201CDFC14}.Release|Any CPU.ActiveCfg = Release|Any CPU
		{326BC223-F9D1-4CC2-811D-E56201CDFC14}.Release|Any CPU.Build.0 = Release|Any CPU
		{47C3AA37-6F0F-4002-A955-F9B4D0065C0F}.Debug|Any CPU.ActiveCfg = Debug|Any CPU
		{47C3AA37-6F0F-4002-A955-F9B4D0065C0F}.Debug|Any CPU.Build.0 = Debug|Any CPU
		{47C3AA37-6F0F-4002-A955-F9B4D0065C0F}.Release|Any CPU.ActiveCfg = Release|Any CPU
		{47C3AA37-6F0F-4002-A955-F9B4D0065C0F}.Release|Any CPU.Build.0 = Release|Any CPU
		{3E1C5BDA-A2EF-4C37-A8E6-F3D9E13070D6}.Debug|Any CPU.ActiveCfg = Debug|Any CPU
		{3E1C5BDA-A2EF-4C37-A8E6-F3D9E13070D6}.Debug|Any CPU.Build.0 = Debug|Any CPU
		{3E1C5BDA-A2EF-4C37-A8E6-F3D9E13070D6}.Release|Any CPU.ActiveCfg = Release|Any CPU
		{3E1C5BDA-A2EF-4C37-A8E6-F3D9E13070D6}.Release|Any CPU.Build.0 = Release|Any CPU
		{1B8BB543-1804-4086-B55E-61B5018995E5}.Debug|Any CPU.ActiveCfg = Debug|Any CPU
		{1B8BB543-1804-4086-B55E-61B5018995E5}.Debug|Any CPU.Build.0 = Debug|Any CPU
		{1B8BB543-1804-4086-B55E-61B5018995E5}.Release|Any CPU.ActiveCfg = Release|Any CPU
		{1B8BB543-1804-4086-B55E-61B5018995E5}.Release|Any CPU.Build.0 = Release|Any CPU
		{61E46F48-23C5-41E5-AFAC-B3F79CDF2E21}.Debug|Any CPU.ActiveCfg = Debug|Any CPU
		{61E46F48-23C5-41E5-AFAC-B3F79CDF2E21}.Debug|Any CPU.Build.0 = Debug|Any CPU
		{61E46F48-23C5-41E5-AFAC-B3F79CDF2E21}.Release|Any CPU.ActiveCfg = Release|Any CPU
		{61E46F48-23C5-41E5-AFAC-B3F79CDF2E21}.Release|Any CPU.Build.0 = Release|Any CPU
	EndGlobalSection
	GlobalSection(SolutionProperties) = preSolution
		HideSolutionNode = FALSE
	EndGlobalSection
	GlobalSection(NestedProjects) = preSolution
		{8B12D929-AFA9-4307-BEFF-2ED0F1070FEE} = {E8F0502C-6FA5-4A43-B265-301EF0F56300}
		{B357BAC7-529E-4D81-A0D2-71041B19C8DE} = {E8F0502C-6FA5-4A43-B265-301EF0F56300}
		{6CC827C1-119D-4700-A410-327D59A6E139} = {E8F0502C-6FA5-4A43-B265-301EF0F56300}
		{47C3AA37-6F0F-4002-A955-F9B4D0065C0F} = {E8F0502C-6FA5-4A43-B265-301EF0F56300}
		{6FFEB970-9A0D-42B9-8733-A4E33EF1AEE1} = {D3C70672-8B1C-4FEF-AF1E-DAECF21A9973}
		{F01B6EC3-D0D3-4753-A3CC-D8AA7F35D72D} = {D3C70672-8B1C-4FEF-AF1E-DAECF21A9973}
		{1B8BB543-1804-4086-B55E-61B5018995E5} = {D3C70672-8B1C-4FEF-AF1E-DAECF21A9973}
		{85A92DEA-2E40-47A2-85A8-168277163189} = {EF416C6A-670A-4025-870B-E763A7E1B8C9}
		{4AA1BCD3-7AC8-47BC-84D3-8FA43486BDF0} = {EF416C6A-670A-4025-870B-E763A7E1B8C9}
		{19689218-EFC8-4624-B946-281842CB3E3F} = {EF416C6A-670A-4025-870B-E763A7E1B8C9}
		{C5F839E3-79CE-4801-9397-3F1A910D987B} = {EF416C6A-670A-4025-870B-E763A7E1B8C9}
		{61E46F48-23C5-41E5-AFAC-B3F79CDF2E21} = {EF416C6A-670A-4025-870B-E763A7E1B8C9}
		{61EFAF41-2507-4653-8532-3003410414C7} = {46E2E758-6ED9-4AA2-8D2E-238F7868A5E9}
		{326BC223-F9D1-4CC2-811D-E56201CDFC14} = {46E2E758-6ED9-4AA2-8D2E-238F7868A5E9}
		{3E1C5BDA-A2EF-4C37-A8E6-F3D9E13070D6} = {C5F839E3-79CE-4801-9397-3F1A910D987B}
	EndGlobalSection
EndGlobal
